# generated by rye
# use `rye lock` or `rye sync` to update this lockfile
#
# last locked with the following flags:
#   pre: false
#   features: []
#   all-features: false
#   with-sources: false
#   generate-hashes: false

-e file:.
accelerate==0.30.1
    # via transformers
aiofiles==23.2.1
    # via chainlit
    # via gradio
aiohttp==3.9.5
    # via datasets
    # via fsspec
    # via langchain
    # via langchain-community
    # via litellm
    # via llama-index-core
    # via llama-index-legacy
    # via lmql
aiosignal==1.3.1
    # via aiohttp
alembic==1.13.1
    # via optuna
altair==5.3.0
    # via gradio
    # via streamlit
annotated-types==0.7.0
    # via pydantic
anthropic==0.28.0
    # via langmax
anyio==3.7.1
    # via anthropic
    # via asyncer
    # via httpx
    # via jupyter-server
    # via openai
    # via sse-starlette
    # via starlette
    # via watchfiles
appdirs==1.4.4
    # via ragas
appnope==0.1.4
    # via ipykernel
argon2-cffi==23.1.0
    # via jupyter-server
argon2-cffi-bindings==21.2.0
    # via argon2-cffi
arrow==1.3.0
    # via isoduration
asgiref==3.8.1
    # via opentelemetry-instrumentation-asgi
asttokens==2.4.1
    # via stack-data
astunparse==1.6.3
    # via lmql
async-lru==2.0.4
    # via jupyterlab
asyncer==0.0.2
    # via chainlit
attrs==23.2.0
    # via aiohttp
    # via cattrs
    # via jsonschema
    # via referencing
autocorrect-py==2.9.0
    # via langmax
babel==2.15.0
    # via great-tables
    # via jupyterlab-server
backoff==2.2.1
    # via dspy-ai
    # via posthog
bcrypt==4.1.3
    # via chromadb
beautifulsoup4==4.12.3
    # via llama-index-readers-file
    # via nbconvert
bidict==0.23.1
    # via python-socketio
black==24.4.2
    # via bm25s
    # via marimo
bleach==6.1.0
    # via nbconvert
blinker==1.8.2
    # via flask
    # via streamlit
bm25s==0.1.3
    # via langmax
build==1.2.1
    # via chromadb
    # via poetry
cachecontrol==0.14.0
    # via poetry
cachetools==5.3.3
    # via google-auth
    # via streamlit
cattrs==23.2.3
    # via parea-ai
certifi==2024.2.2
    # via httpcore
    # via httpx
    # via kubernetes
    # via requests
    # via sentry-sdk
cffi==1.16.0
    # via argon2-cffi-bindings
    # via xattr
chainlit==1.1.202
    # via langmax
charset-normalizer==3.3.2
    # via requests
chevron==0.14.0
    # via literalai
chroma-hnswlib==0.7.3
    # via chromadb
chromadb==0.5.0
    # via langmax
cleo==2.1.0
    # via poetry
click==8.1.7
    # via black
    # via chainlit
    # via flask
    # via litellm
    # via marimo
    # via nltk
    # via streamlit
    # via typer
    # via uvicorn
    # via wandb
coloredlogs==15.0.1
    # via onnxruntime
colorlog==6.8.2
    # via optuna
comm==0.2.2
    # via ipykernel
    # via ipywidgets
commonmark==0.9.1
    # via great-tables
contextvars==2.4
    # via parea-ai
contourpy==1.2.1
    # via matplotlib
crashtest==0.4.1
    # via cleo
    # via poetry
cycler==0.12.1
    # via matplotlib
dataclasses-json==0.5.14
    # via chainlit
    # via langchain-community
    # via llama-index-core
    # via llama-index-legacy
datasets==2.14.7
    # via dspy-ai
    # via langmax
    # via ragas
debugpy==1.8.1
    # via ipykernel
decorator==5.1.1
    # via ipython
defusedxml==0.7.1
    # via nbconvert
deprecated==1.2.14
    # via llama-index-core
    # via llama-index-legacy
    # via opentelemetry-api
    # via opentelemetry-exporter-otlp-proto-grpc
    # via opentelemetry-exporter-otlp-proto-http
dill==0.3.7
    # via datasets
    # via multiprocess
dirtyjson==1.0.8
    # via llama-index-core
    # via llama-index-legacy
diskcache==5.6.3
    # via llama-cpp-python
distlib==0.3.8
    # via virtualenv
distro==1.9.0
    # via anthropic
    # via openai
docker-pycreds==0.4.0
    # via wandb
docutils==0.21.2
    # via marimo
dspy-ai==2.4.9
    # via langmax
dulwich==0.21.7
    # via poetry
einops==0.8.0
    # via langmax
executing==2.0.1
    # via stack-data
fastapi==0.110.3
    # via chainlit
    # via chromadb
    # via fastapi-socketio
    # via gradio
    # via llama-cpp-python
fastapi-socketio==0.0.10
    # via chainlit
fastjsonschema==2.19.1
    # via nbformat
    # via poetry
ffmpy==0.3.2
    # via gradio
filelock==3.14.0
    # via cachecontrol
    # via huggingface-hub
    # via torch
    # via transformers
    # via virtualenv
filetype==1.2.0
    # via chainlit
flask==3.0.3
    # via langmax
flatbuffers==24.3.25
    # via onnxruntime
fonttools==4.52.4
    # via matplotlib
fqdn==1.5.1
    # via jsonschema
frozenlist==1.4.1
    # via aiohttp
    # via aiosignal
fsspec==2023.10.0
    # via datasets
    # via gradio-client
    # via huggingface-hub
    # via llama-index-core
    # via llama-index-legacy
    # via torch
gitdb==4.0.11
    # via gitpython
gitpython==3.1.43
    # via streamlit
    # via wandb
google-auth==2.29.0
    # via kubernetes
googleapis-common-protos==1.63.0
    # via opentelemetry-exporter-otlp-proto-grpc
    # via opentelemetry-exporter-otlp-proto-http
gradio==4.36.1
    # via langmax
gradio-client==1.0.1
    # via gradio
great-tables==0.9.0
    # via langmax
greenlet==3.0.3
    # via sqlalchemy
grpcio==1.64.0
    # via chromadb
    # via opentelemetry-exporter-otlp-proto-grpc
h11==0.14.0
    # via httpcore
    # via uvicorn
    # via wsproto
htmltools==0.5.2
    # via great-tables
httpcore==1.0.5
    # via httpx
httptools==0.6.1
    # via uvicorn
httpx==0.27.0
    # via anthropic
    # via chainlit
    # via gradio
    # via gradio-client
    # via jupyterlab
    # via langmax
    # via literalai
    # via llama-index-core
    # via llama-index-legacy
    # via llamaindex-py-client
    # via ollama
    # via openai
    # via parea-ai
    # via portkey-ai
    # via replicate
huggingface-hub==0.23.2
    # via accelerate
    # via bm25s
    # via datasets
    # via gradio
    # via gradio-client
    # via tokenizers
    # via transformers
humanfriendly==10.0
    # via coloredlogs
idna==3.7
    # via anyio
    # via httpx
    # via jsonschema
    # via requests
    # via yarl
immutables==0.20
    # via contextvars
importlib-metadata==7.0.0
    # via great-tables
    # via litellm
    # via opentelemetry-api
importlib-resources==6.4.0
    # via chromadb
    # via gradio
    # via great-tables
installer==0.7.0
    # via poetry
ipykernel==6.29.4
    # via jupyter
    # via jupyter-console
    # via jupyterlab
    # via qtconsole
ipython==8.24.0
    # via ipykernel
    # via ipywidgets
    # via jupyter-console
ipywidgets==8.1.3
    # via jupyter
isoduration==20.11.0
    # via jsonschema
itsdangerous==2.2.0
    # via flask
    # via marimo
jaraco-classes==3.4.0
    # via keyring
jax==0.4.30
    # via bm25s
jaxlib==0.4.30
    # via jax
jedi==0.19.1
    # via ipython
    # via marimo
jinja2==3.1.4
    # via altair
    # via flask
    # via gradio
    # via jupyter-server
    # via jupyterlab
    # via jupyterlab-server
    # via litellm
    # via llama-cpp-python
    # via mlx-lm
    # via nbconvert
    # via pydeck
    # via torch
jiter==0.4.0
    # via anthropic
joblib==1.3.2
    # via dspy-ai
    # via nltk
json5==0.9.25
    # via jupyterlab-server
jsonpatch==1.33
    # via langchain-core
jsonpointer==2.4
    # via jsonpatch
    # via jsonschema
jsonschema==4.22.0
    # via altair
    # via jupyter-events
    # via jupyterlab-server
    # via nbformat
jsonschema-specifications==2023.12.1
    # via jsonschema
jupyter==1.0.0
    # via parea-ai
jupyter-client==8.6.2
    # via ipykernel
    # via jupyter-console
    # via jupyter-server
    # via nbclient
    # via qtconsole
jupyter-console==6.6.3
    # via jupyter
jupyter-core==5.7.2
    # via ipykernel
    # via jupyter-client
    # via jupyter-console
    # via jupyter-server
    # via jupyterlab
    # via nbclient
    # via nbconvert
    # via nbformat
    # via qtconsole
jupyter-events==0.10.0
    # via jupyter-server
jupyter-lsp==2.2.5
    # via jupyterlab
jupyter-server==2.14.1
    # via jupyter-lsp
    # via jupyterlab
    # via jupyterlab-server
    # via notebook
    # via notebook-shim
jupyter-server-terminals==0.5.3
    # via jupyter-server
jupyterlab==4.2.1
    # via notebook
jupyterlab-pygments==0.3.0
    # via nbconvert
jupyterlab-server==2.27.2
    # via jupyterlab
    # via notebook
jupyterlab-widgets==3.0.11
    # via ipywidgets
keyring==24.3.1
    # via poetry
kiwisolver==1.4.5
    # via matplotlib
kubernetes==29.0.0
    # via chromadb
langchain==0.2.3
    # via langchain-community
    # via langmax
    # via ragas
langchain-community==0.2.1
    # via ragas
langchain-core==0.2.3
    # via langchain
    # via langchain-community
    # via langchain-openai
    # via langchain-text-splitters
    # via ragas
langchain-openai==0.1.8
    # via ragas
langchain-text-splitters==0.2.0
    # via langchain
langdetect==1.0.9
    # via langmax
langsmith==0.1.65
    # via langchain
    # via langchain-community
    # via langchain-core
lazify==0.4.0
    # via chainlit
levenshtein==0.25.1
    # via parea-ai
litellm==1.40.9
    # via langmax
literalai==0.0.601
    # via chainlit
llama-cpp-python==0.2.78
    # via langmax
llama-index==0.10.44
    # via langmax
llama-index-agent-openai==0.2.6
    # via llama-index
    # via llama-index-program-openai
llama-index-cli==0.1.12
    # via llama-index
llama-index-core==0.10.44
    # via llama-index
    # via llama-index-agent-openai
    # via llama-index-cli
    # via llama-index-embeddings-openai
    # via llama-index-indices-managed-llama-cloud
    # via llama-index-llms-openai
    # via llama-index-multi-modal-llms-openai
    # via llama-index-program-openai
    # via llama-index-question-gen-openai
    # via llama-index-readers-file
    # via llama-index-readers-llama-parse
    # via llama-parse
llama-index-embeddings-openai==0.1.10
    # via llama-index
    # via llama-index-cli
llama-index-indices-managed-llama-cloud==0.1.6
    # via llama-index
llama-index-legacy==0.9.48
    # via llama-index
llama-index-llms-openai==0.1.21
    # via llama-index
    # via llama-index-agent-openai
    # via llama-index-cli
    # via llama-index-multi-modal-llms-openai
    # via llama-index-program-openai
    # via llama-index-question-gen-openai
llama-index-multi-modal-llms-openai==0.1.6
    # via llama-index
llama-index-program-openai==0.1.6
    # via llama-index
    # via llama-index-question-gen-openai
llama-index-question-gen-openai==0.1.3
    # via llama-index
llama-index-readers-file==0.1.23
    # via llama-index
llama-index-readers-llama-parse==0.1.4
    # via llama-index
llama-parse==0.4.4
    # via llama-index-readers-llama-parse
llamaindex-py-client==0.1.19
    # via llama-index-core
    # via llama-index-indices-managed-llama-cloud
lmql==0.7.3
    # via langmax
mako==1.3.5
    # via alembic
marimo==0.6.19
    # via langmax
markdown==3.6
    # via marimo
    # via pymdown-extensions
markdown-it-py==3.0.0
    # via rich
markupsafe==2.1.5
    # via gradio
    # via jinja2
    # via mako
    # via nbconvert
    # via werkzeug
marshmallow==3.21.2
    # via dataclasses-json
matplotlib==3.9.0
    # via gradio
    # via langmax
matplotlib-inline==0.1.7
    # via ipykernel
    # via ipython
mdurl==0.1.2
    # via markdown-it-py
mistune==3.0.2
    # via nbconvert
ml-dtypes==0.4.0
    # via jax
    # via jaxlib
mlx==0.15.0
    # via langmax
    # via mlx-lm
mlx-lm==0.14.3
    # via langmax
mmh3==4.1.0
    # via chromadb
monotonic==1.6
    # via posthog
more-itertools==10.2.0
    # via jaraco-classes
mpmath==1.3.0
    # via sympy
msgpack==1.0.8
    # via cachecontrol
multidict==6.0.5
    # via aiohttp
    # via yarl
multiprocess==0.70.15
    # via datasets
mypy==1.10.0
    # via portkey-ai
mypy-extensions==1.0.0
    # via black
    # via mypy
    # via typing-inspect
nbclient==0.10.0
    # via nbconvert
nbconvert==7.16.4
    # via jupyter
    # via jupyter-server
nbformat==5.10.4
    # via jupyter-server
    # via nbclient
    # via nbconvert
nest-asyncio==1.6.0
    # via chainlit
    # via ipykernel
    # via llama-index-core
    # via llama-index-legacy
    # via ragas
networkx==3.3
    # via llama-index-core
    # via llama-index-legacy
    # via torch
nltk==3.8.1
    # via llama-index-core
    # via llama-index-legacy
notebook==7.2.0
    # via jupyter
notebook-shim==0.2.4
    # via jupyterlab
    # via notebook
numpy==1.26.4
    # via accelerate
    # via altair
    # via bm25s
    # via chroma-hnswlib
    # via chromadb
    # via contourpy
    # via datasets
    # via gradio
    # via great-tables
    # via jax
    # via jaxlib
    # via langchain
    # via langchain-community
    # via langmax
    # via llama-cpp-python
    # via llama-index-core
    # via llama-index-legacy
    # via lmql
    # via matplotlib
    # via ml-dtypes
    # via mlx-lm
    # via onnxruntime
    # via opt-einsum
    # via optuna
    # via pandas
    # via pyarrow
    # via pydeck
    # via ragas
    # via scipy
    # via sglang
    # via streamlit
    # via transformers
oauthlib==3.2.2
    # via kubernetes
    # via requests-oauthlib
ollama==0.2.1
    # via langmax
onnxruntime==1.18.0
    # via chromadb
openai==1.34.0
    # via dspy-ai
    # via langchain-openai
    # via langmax
    # via litellm
    # via llama-index-agent-openai
    # via llama-index-core
    # via llama-index-legacy
    # via lmql
    # via parea-ai
    # via portkey-ai
    # via ragas
    # via sglang
opentelemetry-api==1.24.0
    # via chromadb
    # via opentelemetry-exporter-otlp-proto-grpc
    # via opentelemetry-exporter-otlp-proto-http
    # via opentelemetry-instrumentation
    # via opentelemetry-instrumentation-asgi
    # via opentelemetry-instrumentation-fastapi
    # via opentelemetry-sdk
    # via uptrace
opentelemetry-exporter-otlp==1.24.0
    # via uptrace
opentelemetry-exporter-otlp-proto-common==1.24.0
    # via opentelemetry-exporter-otlp-proto-grpc
    # via opentelemetry-exporter-otlp-proto-http
opentelemetry-exporter-otlp-proto-grpc==1.24.0
    # via chromadb
    # via opentelemetry-exporter-otlp
opentelemetry-exporter-otlp-proto-http==1.24.0
    # via opentelemetry-exporter-otlp
opentelemetry-instrumentation==0.45b0
    # via opentelemetry-instrumentation-asgi
    # via opentelemetry-instrumentation-fastapi
    # via uptrace
opentelemetry-instrumentation-asgi==0.45b0
    # via opentelemetry-instrumentation-fastapi
opentelemetry-instrumentation-fastapi==0.45b0
    # via chromadb
opentelemetry-proto==1.24.0
    # via opentelemetry-exporter-otlp-proto-common
    # via opentelemetry-exporter-otlp-proto-grpc
    # via opentelemetry-exporter-otlp-proto-http
opentelemetry-sdk==1.24.0
    # via chromadb
    # via opentelemetry-exporter-otlp-proto-grpc
    # via opentelemetry-exporter-otlp-proto-http
    # via uptrace
opentelemetry-semantic-conventions==0.45b0
    # via opentelemetry-instrumentation-asgi
    # via opentelemetry-instrumentation-fastapi
    # via opentelemetry-sdk
opentelemetry-util-http==0.45b0
    # via opentelemetry-instrumentation-asgi
    # via opentelemetry-instrumentation-fastapi
opt-einsum==3.3.0
    # via jax
optuna==3.6.1
    # via dspy-ai
orjson==3.10.3
    # via chromadb
    # via gradio
    # via langsmith
overrides==7.7.0
    # via chromadb
    # via jupyter-server
packaging==23.2
    # via accelerate
    # via altair
    # via black
    # via build
    # via chainlit
    # via datasets
    # via gradio
    # via gradio-client
    # via htmltools
    # via huggingface-hub
    # via ipykernel
    # via jupyter-server
    # via jupyterlab
    # via jupyterlab-server
    # via langchain-core
    # via literalai
    # via marshmallow
    # via matplotlib
    # via nbconvert
    # via onnxruntime
    # via optuna
    # via poetry
    # via qtconsole
    # via qtpy
    # via replicate
    # via streamlit
    # via transformers
pandas==2.2.2
    # via altair
    # via datasets
    # via dspy-ai
    # via gradio
    # via langmax
    # via llama-index-core
    # via llama-index-legacy
    # via streamlit
pandocfilters==1.5.1
    # via nbconvert
parea-ai==0.2.173
    # via langmax
parso==0.8.4
    # via jedi
pathspec==0.12.1
    # via black
pathvalidate==3.2.0
    # via langmax
pexpect==4.9.0
    # via ipython
    # via poetry
pillow==10.3.0
    # via gradio
    # via llama-index-core
    # via matplotlib
    # via streamlit
pkginfo==1.10.0
    # via poetry
platformdirs==4.2.2
    # via black
    # via jupyter-core
    # via poetry
    # via virtualenv
    # via wandb
poetry==1.8.3
    # via poetry-plugin-dotenv
    # via poetry-plugin-export
poetry-core==1.9.0
    # via poetry
    # via poetry-plugin-export
poetry-plugin-dotenv==0.6.33
    # via parea-ai
poetry-plugin-export==1.8.0
    # via poetry
polars==0.20.31
    # via langmax
portkey-ai==1.4.0
    # via langmax
posthog==3.5.0
    # via chromadb
prometheus-client==0.20.0
    # via jupyter-server
prompt-toolkit==3.0.45
    # via ipython
    # via jupyter-console
protobuf==3.20.3
    # via googleapis-common-protos
    # via mlx-lm
    # via onnxruntime
    # via opentelemetry-proto
    # via streamlit
    # via wandb
psutil==5.9.8
    # via accelerate
    # via ipykernel
    # via marimo
    # via wandb
ptyprocess==0.7.0
    # via pexpect
    # via terminado
pure-eval==0.2.2
    # via stack-data
pyarrow==16.1.0
    # via datasets
    # via streamlit
pyarrow-hotfix==0.6
    # via datasets
pyasn1==0.6.0
    # via pyasn1-modules
    # via rsa
pyasn1-modules==0.4.0
    # via google-auth
pycparser==2.22
    # via cffi
pydantic==2.7.2
    # via anthropic
    # via chainlit
    # via chromadb
    # via dspy-ai
    # via fastapi
    # via gradio
    # via langchain
    # via langchain-core
    # via langsmith
    # via literalai
    # via llamaindex-py-client
    # via openai
    # via portkey-ai
    # via pydantic-settings
    # via replicate
pydantic-core==2.18.3
    # via pydantic
pydantic-settings==2.2.1
    # via llama-cpp-python
pydeck==0.9.1
    # via streamlit
pydub==0.25.1
    # via gradio
pygments==2.18.0
    # via ipython
    # via jupyter-console
    # via marimo
    # via nbconvert
    # via qtconsole
    # via rich
pyjwt==2.8.0
    # via chainlit
pymdown-extensions==10.8.1
    # via marimo
pyparsing==3.1.2
    # via matplotlib
pypdf==4.2.0
    # via llama-index-readers-file
pypika==0.48.9
    # via chromadb
pypinyin==0.51.0
    # via langmax
pyproject-hooks==1.1.0
    # via build
    # via poetry
pysbd==0.3.4
    # via parea-ai
    # via ragas
pystemmer==2.2.0.1
    # via bm25s
python-dateutil==2.9.0.post0
    # via arrow
    # via jupyter-client
    # via kubernetes
    # via matplotlib
    # via pandas
    # via posthog
python-dotenv==1.0.1
    # via chainlit
    # via langmax
    # via litellm
    # via parea-ai
    # via pydantic-settings
    # via uvicorn
python-engineio==4.9.1
    # via python-socketio
python-json-logger==2.0.7
    # via jupyter-events
python-multipart==0.0.9
    # via chainlit
    # via gradio
python-socketio==5.11.2
    # via fastapi-socketio
pytz==2024.1
    # via pandas
    # via parea-ai
pyupgrade==3.15.2
    # via parea-ai
pyyaml==6.0.1
    # via accelerate
    # via chromadb
    # via datasets
    # via gradio
    # via huggingface-hub
    # via jupyter-events
    # via kubernetes
    # via langchain
    # via langchain-community
    # via langchain-core
    # via llama-cpp-python
    # via llama-index-core
    # via marimo
    # via mlx-lm
    # via optuna
    # via pymdown-extensions
    # via transformers
    # via uvicorn
    # via wandb
pyzmq==26.0.3
    # via ipykernel
    # via jupyter-client
    # via jupyter-console
    # via jupyter-server
    # via qtconsole
qtconsole==5.5.2
    # via jupyter
qtpy==2.4.1
    # via qtconsole
ragas @ git+https://github.com/explodinggradients/ragas@9bc6e6fd44180e658751e15da3a3829c957ee853
    # via langmax
rapidfuzz==3.9.2
    # via cleo
    # via levenshtein
referencing==0.35.1
    # via jsonschema
    # via jsonschema-specifications
    # via jupyter-events
regex==2024.5.15
    # via dspy-ai
    # via nltk
    # via tiktoken
    # via transformers
replicate==0.26.0
    # via langmax
requests==2.32.3
    # via cachecontrol
    # via chromadb
    # via datasets
    # via dspy-ai
    # via fsspec
    # via huggingface-hub
    # via jupyterlab-server
    # via kubernetes
    # via langchain
    # via langchain-community
    # via langsmith
    # via litellm
    # via llama-index-core
    # via llama-index-legacy
    # via opentelemetry-exporter-otlp-proto-http
    # via poetry
    # via posthog
    # via requests-oauthlib
    # via requests-toolbelt
    # via sglang
    # via streamlit
    # via tiktoken
    # via transformers
    # via wandb
requests-oauthlib==2.0.0
    # via kubernetes
requests-toolbelt==1.0.0
    # via poetry
rfc3339-validator==0.1.4
    # via jsonschema
    # via jupyter-events
rfc3986-validator==0.1.1
    # via jsonschema
    # via jupyter-events
rich==13.7.1
    # via langmax
    # via streamlit
    # via typer
rpds-py==0.18.1
    # via jsonschema
    # via referencing
rsa==4.9
    # via google-auth
ruff==0.4.6
    # via gradio
safetensors==0.4.3
    # via accelerate
    # via transformers
scipy==1.13.1
    # via bm25s
    # via jax
    # via jaxlib
semantic-version==2.10.0
    # via gradio
send2trash==1.8.3
    # via jupyter-server
sentencepiece==0.2.0
    # via langmax
sentry-sdk==2.3.1
    # via wandb
setproctitle==1.3.3
    # via wandb
setuptools==70.0.0
    # via opentelemetry-instrumentation
    # via wandb
sglang==0.1.17
    # via langmax
shellingham==1.5.4
    # via poetry
    # via typer
simple-websocket==1.0.0
    # via python-engineio
six==1.16.0
    # via asttokens
    # via astunparse
    # via bleach
    # via docker-pycreds
    # via kubernetes
    # via langdetect
    # via posthog
    # via python-dateutil
    # via rfc3339-validator
smmap==5.0.1
    # via gitdb
sniffio==1.3.1
    # via anthropic
    # via anyio
    # via httpx
    # via openai
socksio==1.0.0
    # via httpx
soupsieve==2.5
    # via beautifulsoup4
sqlalchemy==2.0.30
    # via alembic
    # via langchain
    # via langchain-community
    # via llama-index-core
    # via llama-index-legacy
    # via optuna
sse-starlette==2.1.0
    # via llama-cpp-python
stack-data==0.6.3
    # via ipython
starlette==0.37.2
    # via chainlit
    # via fastapi
    # via marimo
    # via sse-starlette
    # via starlette-context
starlette-context==0.3.6
    # via llama-cpp-python
streamlit==1.35.0
    # via langmax
striprtf==0.0.26
    # via llama-index-readers-file
structlog==24.2.0
    # via dspy-ai
sympy==1.12.1
    # via onnxruntime
    # via torch
syncer==2.0.3
    # via chainlit
tenacity==8.3.0
    # via chromadb
    # via langchain
    # via langchain-community
    # via langchain-core
    # via langmax
    # via llama-index-core
    # via llama-index-legacy
    # via streamlit
termcolor==2.4.0
    # via lmql
terminado==0.18.1
    # via jupyter-server
    # via jupyter-server-terminals
tiktoken==0.7.0
    # via langchain-openai
    # via langmax
    # via litellm
    # via llama-index-core
    # via llama-index-legacy
    # via lmql
    # via parea-ai
    # via ragas
    # via sglang
tinycss2==1.3.0
    # via nbconvert
tokenize-rt==5.2.0
    # via pyupgrade
tokenizers==0.19.1
    # via anthropic
    # via chromadb
    # via litellm
    # via transformers
toml==0.10.2
    # via streamlit
tomli==2.0.1
    # via chainlit
tomlkit==0.12.0
    # via gradio
    # via marimo
    # via poetry
toolz==0.12.1
    # via altair
torch==2.3.0
    # via accelerate
    # via transformers
tornado==6.4
    # via ipykernel
    # via jupyter-client
    # via jupyter-server
    # via jupyterlab
    # via notebook
    # via streamlit
    # via terminado
tqdm==4.66.4
    # via bm25s
    # via chromadb
    # via datasets
    # via dspy-ai
    # via huggingface-hub
    # via langmax
    # via llama-index-core
    # via nltk
    # via openai
    # via optuna
    # via sglang
    # via transformers
traitlets==5.14.3
    # via comm
    # via ipykernel
    # via ipython
    # via ipywidgets
    # via jupyter-client
    # via jupyter-console
    # via jupyter-core
    # via jupyter-events
    # via jupyter-server
    # via jupyterlab
    # via matplotlib-inline
    # via nbclient
    # via nbconvert
    # via nbformat
    # via qtconsole
transformers==4.41.2
    # via langmax
    # via mlx-lm
trove-classifiers==2024.5.22
    # via poetry
typer==0.12.3
    # via chromadb
    # via gradio
types-python-dateutil==2.9.0.20240316
    # via arrow
typing-extensions==4.12.0
    # via alembic
    # via anthropic
    # via chromadb
    # via fastapi
    # via gradio
    # via gradio-client
    # via great-tables
    # via htmltools
    # via huggingface-hub
    # via llama-cpp-python
    # via llama-index-core
    # via llama-index-legacy
    # via mypy
    # via openai
    # via opentelemetry-sdk
    # via portkey-ai
    # via pydantic
    # via pydantic-core
    # via replicate
    # via sqlalchemy
    # via streamlit
    # via torch
    # via typer
    # via typing-inspect
typing-inspect==0.9.0
    # via dataclasses-json
    # via llama-index-core
    # via llama-index-legacy
tzdata==2024.1
    # via pandas
ujson==5.10.0
    # via bm25s
    # via dspy-ai
uptrace==1.24.0
    # via chainlit
uri-template==1.3.0
    # via jsonschema
urllib3==2.2.1
    # via dulwich
    # via gradio
    # via kubernetes
    # via requests
    # via sentry-sdk
uvicorn==0.25.0
    # via chainlit
    # via chromadb
    # via gradio
    # via llama-cpp-python
    # via marimo
    # via sse-starlette
uvloop==0.19.0
    # via uvicorn
virtualenv==20.26.2
    # via poetry
wandb==0.17.1
    # via langmax
watchfiles==0.20.0
    # via chainlit
    # via uvicorn
wcwidth==0.2.13
    # via prompt-toolkit
webcolors==1.13
    # via jsonschema
webencodings==0.5.1
    # via bleach
    # via tinycss2
websocket-client==1.8.0
    # via jupyter-server
    # via kubernetes
websockets==11.0.3
    # via gradio-client
    # via marimo
    # via uvicorn
werkzeug==3.0.3
    # via flask
wheel==0.43.0
    # via astunparse
widgetsnbextension==4.0.11
    # via ipywidgets
wrapt==1.16.0
    # via deprecated
    # via llama-index-core
    # via opentelemetry-instrumentation
    # via parea-ai
wsproto==1.2.0
    # via simple-websocket
xattr==1.1.0
    # via poetry
xxhash==3.4.1
    # via datasets
yarl==1.9.4
    # via aiohttp
zipp==3.19.0
    # via importlib-metadata
